// !$*UTF8*$!
{
	archiveVersion = 1;
	classes = {
	};
	objectVersion = 46;
	objects = {

/* Begin PBXBuildFile section */
		9973BA341C2B80CD00B6E847 /* main.m in Sources */ = {isa = PBXBuildFile; fileRef = 9973BA331C2B80CD00B6E847 /* main.m */; };
		9973BA371C2B80CD00B6E847 /* AppDelegate.m in Sources */ = {isa = PBXBuildFile; fileRef = 9973BA361C2B80CD00B6E847 /* AppDelegate.m */; };
		9973BA3A1C2B80CD00B6E847 /* ViewController.m in Sources */ = {isa = PBXBuildFile; fileRef = 9973BA391C2B80CD00B6E847 /* ViewController.m */; };
		9973BA3D1C2B80CD00B6E847 /* Main.storyboard in Resources */ = {isa = PBXBuildFile; fileRef = 9973BA3B1C2B80CD00B6E847 /* Main.storyboard */; };
		9973BA3F1C2B80CD00B6E847 /* Assets.xcassets in Resources */ = {isa = PBXBuildFile; fileRef = 9973BA3E1C2B80CD00B6E847 /* Assets.xcassets */; };
		9973BA421C2B80CD00B6E847 /* LaunchScreen.storyboard in Resources */ = {isa = PBXBuildFile; fileRef = 9973BA401C2B80CD00B6E847 /* LaunchScreen.storyboard */; };
		9973BA4D1C2B80CD00B6E847 /* MNSideMenuTests.m in Sources */ = {isa = PBXBuildFile; fileRef = 9973BA4C1C2B80CD00B6E847 /* MNSideMenuTests.m */; };
		9973BA581C2B80CD00B6E847 /* MNSideMenuUITests.m in Sources */ = {isa = PBXBuildFile; fileRef = 9973BA571C2B80CD00B6E847 /* MNSideMenuUITests.m */; };
/* End PBXBuildFile section */

/* Begin PBXContainerItemProxy section */
		9973BA491C2B80CD00B6E847 /* PBXContainerItemProxy */ = {
			isa = PBXContainerItemProxy;
			containerPortal = 9973BA271C2B80CD00B6E847 /* Project object */;
			proxyType = 1;
			remoteGlobalIDString = 9973BA2E1C2B80CD00B6E847;
			remoteInfo = MNSideMenu;
		};
		9973BA541C2B80CD00B6E847 /* PBXContainerItemProxy */ = {
			isa = PBXContainerItemProxy;
			containerPortal = 9973BA271C2B80CD00B6E847 /* Project object */;
			proxyType = 1;
			remoteGlobalIDString = 9973BA2E1C2B80CD00B6E847;
			remoteInfo = MNSideMenu;
		};
/* End PBXContainerItemProxy section */

/* Begin PBXFileReference section */
		9973BA2F1C2B80CD00B6E847 /* MNSideMenu.app */ = {isa = PBXFileReference; explicitFileType = wrapper.application; includeInIndex = 0; path = MNSideMenu.app; sourceTree = BUILT_PRODUCTS_DIR; };
		9973BA331C2B80CD00B6E847 /* main.m */ = {isa = PBXFileReference; lastKnownFileType = sourcecode.c.objc; path = main.m; sourceTree = "<group>"; };
		9973BA351C2B80CD00B6E847 /* AppDelegate.h */ = {isa = PBXFileReference; lastKnownFileType = sourcecode.c.h; path = AppDelegate.h; sourceTree = "<group>"; };
		9973BA361C2B80CD00B6E847 /* AppDelegate.m */ = {isa = PBXFileReference; lastKnownFileType = sourcecode.c.objc; path = AppDelegate.m; sourceTree = "<group>"; };
		9973BA381C2B80CD00B6E847 /* ViewController.h */ = {isa = PBXFileReference; lastKnownFileType = sourcecode.c.h; path = ViewController.h; sourceTree = "<group>"; };
		9973BA391C2B80CD00B6E847 /* ViewController.m */ = {isa = PBXFileReference; lastKnownFileType = sourcecode.c.objc; path = ViewController.m; sourceTree = "<group>"; };
		9973BA3C1C2B80CD00B6E847 /* Base */ = {isa = PBXFileReference; lastKnownFileType = file.storyboard; name = Base; path = Base.lproj/Main.storyboard; sourceTree = "<group>"; };
		9973BA3E1C2B80CD00B6E847 /* Assets.xcassets */ = {isa = PBXFileReference; lastKnownFileType = folder.assetcatalog; path = Assets.xcassets; sourceTree = "<group>"; };
		9973BA411C2B80CD00B6E847 /* Base */ = {isa = PBXFileReference; lastKnownFileType = file.storyboard; name = Base; path = Base.lproj/LaunchScreen.storyboard; sourceTree = "<group>"; };
		9973BA431C2B80CD00B6E847 /* Info.plist */ = {isa = PBXFileReference; lastKnownFileType = text.plist.xml; path = Info.plist; sourceTree = "<group>"; };
		9973BA481C2B80CD00B6E847 /* MNSideMenuTests.xctest */ = {isa = PBXFileReference; explicitFileType = wrapper.cfbundle; includeInIndex = 0; path = MNSideMenuTests.xctest; sourceTree = BUILT_PRODUCTS_DIR; };
		9973BA4C1C2B80CD00B6E847 /* MNSideMenuTests.m */ = {isa = PBXFileReference; lastKnownFileType = sourcecode.c.objc; path = MNSideMenuTests.m; sourceTree = "<group>"; };
		9973BA4E1C2B80CD00B6E847 /* Info.plist */ = {isa = PBXFileReference; lastKnownFileType = text.plist.xml; path = Info.plist; sourceTree = "<group>"; };
		9973BA531C2B80CD00B6E847 /* MNSideMenuUITests.xctest */ = {isa = PBXFileReference; explicitFileType = wrapper.cfbundle; includeInIndex = 0; path = MNSideMenuUITests.xctest; sourceTree = BUILT_PRODUCTS_DIR; };
		9973BA571C2B80CD00B6E847 /* MNSideMenuUITests.m */ = {isa = PBXFileReference; lastKnownFileType = sourcecode.c.objc; path = MNSideMenuUITests.m; sourceTree = "<group>"; };
		9973BA591C2B80CD00B6E847 /* Info.plist */ = {isa = PBXFileReference; lastKnownFileType = text.plist.xml; path = Info.plist; sourceTree = "<group>"; };
/* End PBXFileReference section */

/* Begin PBXFrameworksBuildPhase section */
		9973BA2C1C2B80CD00B6E847 /* Frameworks */ = {
			isa = PBXFrameworksBuildPhase;
			buildActionMask = 2147483647;
			files = (
			);
			runOnlyForDeploymentPostprocessing = 0;
		};
		9973BA451C2B80CD00B6E847 /* Frameworks */ = {
			isa = PBXFrameworksBuildPhase;
			buildActionMask = 2147483647;
			files = (
			);
			runOnlyForDeploymentPostprocessing = 0;
		};
		9973BA501C2B80CD00B6E847 /* Frameworks */ = {
			isa = PBXFrameworksBuildPhase;
			buildActionMask = 2147483647;
			files = (
			);
			runOnlyForDeploymentPostprocessing = 0;
		};
/* End PBXFrameworksBuildPhase section */

/* Begin PBXGroup section */
		9973BA261C2B80CD00B6E847 = {
			isa = PBXGroup;
			children = (
				9973BA311C2B80CD00B6E847 /* MNSideMenu */,
				9973BA4B1C2B80CD00B6E847 /* MNSideMenuTests */,
				9973BA561C2B80CD00B6E847 /* MNSideMenuUITests */,
				9973BA301C2B80CD00B6E847 /* Products */,
			);
			sourceTree = "<group>";
		};
		9973BA301C2B80CD00B6E847 /* Products */ = {
			isa = PBXGroup;
			children = (
				9973BA2F1C2B80CD00B6E847 /* MNSideMenu.app */,
				9973BA481C2B80CD00B6E847 /* MNSideMenuTests.xctest */,
				9973BA531C2B80CD00B6E847 /* MNSideMenuUITests.xctest */,
			);
			name = Products;
			sourceTree = "<group>";
		};
		9973BA311C2B80CD00B6E847 /* MNSideMenu */ = {
			isa = PBXGroup;
			children = (
				9973BA351C2B80CD00B6E847 /* AppDelegate.h */,
				9973BA361C2B80CD00B6E847 /* AppDelegate.m */,
				9973BA381C2B80CD00B6E847 /* ViewController.h */,
				9973BA391C2B80CD00B6E847 /* ViewController.m */,
				9973BA3B1C2B80CD00B6E847 /* Main.storyboard */,
				9973BA3E1C2B80CD00B6E847 /* Assets.xcassets */,
				9973BA401C2B80CD00B6E847 /* LaunchScreen.storyboard */,
				9973BA431C2B80CD00B6E847 /* Info.plist */,
				9973BA321C2B80CD00B6E847 /* Supporting Files */,
			);
			path = MNSideMenu;
			sourceTree = "<group>";
		};
		9973BA321C2B80CD00B6E847 /* Supporting Files */ = {
			isa = PBXGroup;
			children = (
				9973BA331C2B80CD00B6E847 /* main.m */,
			);
			name = "Supporting Files";
			sourceTree = "<group>";
		};
		9973BA4B1C2B80CD00B6E847 /* MNSideMenuTests */ = {
			isa = PBXGroup;
			children = (
				9973BA4C1C2B80CD00B6E847 /* MNSideMenuTests.m */,
				9973BA4E1C2B80CD00B6E847 /* Info.plist */,
			);
			path = MNSideMenuTests;
			sourceTree = "<group>";
		};
		9973BA561C2B80CD00B6E847 /* MNSideMenuUITests */ = {
			isa = PBXGroup;
			children = (
				9973BA571C2B80CD00B6E847 /* MNSideMenuUITests.m */,
				9973BA591C2B80CD00B6E847 /* Info.plist */,
			);
			path = MNSideMenuUITests;
			sourceTree = "<group>";
		};
/* End PBXGroup section */

/* Begin PBXNativeTarget section */
		9973BA2E1C2B80CD00B6E847 /* MNSideMenu */ = {
			isa = PBXNativeTarget;
			buildConfigurationList = 9973BA5C1C2B80CD00B6E847 /* Build configuration list for PBXNativeTarget "MNSideMenu" */;
			buildPhases = (
				9973BA2B1C2B80CD00B6E847 /* Sources */,
				9973BA2C1C2B80CD00B6E847 /* Frameworks */,
				9973BA2D1C2B80CD00B6E847 /* Resources */,
			);
			buildRules = (
			);
			dependencies = (
			);
			name = MNSideMenu;
			productName = MNSideMenu;
			productReference = 9973BA2F1C2B80CD00B6E847 /* MNSideMenu.app */;
			productType = "com.apple.product-type.application";
		};
		9973BA471C2B80CD00B6E847 /* MNSideMenuTests */ = {
			isa = PBXNativeTarget;
			buildConfigurationList = 9973BA5F1C2B80CD00B6E847 /* Build configuration list for PBXNativeTarget "MNSideMenuTests" */;
			buildPhases = (
				9973BA441C2B80CD00B6E847 /* Sources */,
				9973BA451C2B80CD00B6E847 /* Frameworks */,
				9973BA461C2B80CD00B6E847 /* Resources */,
			);
			buildRules = (
			);
			dependencies = (
				9973BA4A1C2B80CD00B6E847 /* PBXTargetDependency */,
			);
			name = MNSideMenuTests;
			productName = MNSideMenuTests;
			productReference = 9973BA481C2B80CD00B6E847 /* MNSideMenuTests.xctest */;
			productType = "com.apple.product-type.bundle.unit-test";
		};
		9973BA521C2B80CD00B6E847 /* MNSideMenuUITests */ = {
			isa = PBXNativeTarget;
			buildConfigurationList = 9973BA621C2B80CD00B6E847 /* Build configuration list for PBXNativeTarget "MNSideMenuUITests" */;
			buildPhases = (
				9973BA4F1C2B80CD00B6E847 /* Sources */,
				9973BA501C2B80CD00B6E847 /* Frameworks */,
				9973BA511C2B80CD00B6E847 /* Resources */,
			);
			buildRules = (
			);
			dependencies = (
				9973BA551C2B80CD00B6E847 /* PBXTargetDependency */,
			);
			name = MNSideMenuUITests;
			productName = MNSideMenuUITests;
			productReference = 9973BA531C2B80CD00B6E847 /* MNSideMenuUITests.xctest */;
			productType = "com.apple.product-type.bundle.ui-testing";
		};
/* End PBXNativeTarget section */

/* Begin PBXProject section */
		9973BA271C2B80CD00B6E847 /* Project object */ = {
			isa = PBXProject;
			attributes = {
				LastUpgradeCheck = 0720;
				ORGANIZATIONNAME = mnn;
				TargetAttributes = {
					9973BA2E1C2B80CD00B6E847 = {
						CreatedOnToolsVersion = 7.2;
					};
					9973BA471C2B80CD00B6E847 = {
						CreatedOnToolsVersion = 7.2;
						TestTargetID = 9973BA2E1C2B80CD00B6E847;
					};
					9973BA521C2B80CD00B6E847 = {
						CreatedOnToolsVersion = 7.2;
						TestTargetID = 9973BA2E1C2B80CD00B6E847;
					};
				};
			};
			buildConfigurationList = 9973BA2A1C2B80CD00B6E847 /* Build configuration list for PBXProject "MNSideMenu" */;
			compatibilityVersion = "Xcode 3.2";
			developmentRegion = English;
			hasScannedForEncodings = 0;
			knownRegions = (
				en,
				Base,
			);
			mainGroup = 9973BA261C2B80CD00B6E847;
			productRefGroup = 9973BA301C2B80CD00B6E847 /* Products */;
			projectDirPath = "";
			projectRoot = "";
			targets = (
				9973BA2E1C2B80CD00B6E847 /* MNSideMenu */,
				9973BA471C2B80CD00B6E847 /* MNSideMenuTests */,
				9973BA521C2B80CD00B6E847 /* MNSideMenuUITests */,
			);
		};
/* End PBXProject section */

/* Begin PBXResourcesBuildPhase section */
		9973BA2D1C2B80CD00B6E847 /* Resources */ = {
			isa = PBXResourcesBuildPhase;
			buildActionMask = 2147483647;
			files = (
				9973BA421C2B80CD00B6E847 /* LaunchScreen.storyboard in Resources */,
				9973BA3F1C2B80CD00B6E847 /* Assets.xcassets in Resources */,
				9973BA3D1C2B80CD00B6E847 /* Main.storyboard in Resources */,
			);
			runOnlyForDeploymentPostprocessing = 0;
		};
		9973BA461C2B80CD00B6E847 /* Resources */ = {
			isa = PBXResourcesBuildPhase;
			buildActionMask = 2147483647;
			files = (
			);
			runOnlyForDeploymentPostprocessing = 0;
		};
		9973BA511C2B80CD00B6E847 /* Resources */ = {
			isa = PBXResourcesBuildPhase;
			buildActionMask = 2147483647;
			files = (
			);
			runOnlyForDeploymentPostprocessing = 0;
		};
/* End PBXResourcesBuildPhase section */

/* Begin PBXSourcesBuildPhase section */
		9973BA2B1C2B80CD00B6E847 /* Sources */ = {
			isa = PBXSourcesBuildPhase;
			buildActionMask = 2147483647;
			files = (
				9973BA3A1C2B80CD00B6E847 /* ViewController.m in Sources */,
				9973BA371C2B80CD00B6E847 /* AppDelegate.m in Sources */,
				9973BA341C2B80CD00B6E847 /* main.m in Sources */,
			);
			runOnlyForDeploymentPostprocessing = 0;
		};
		9973BA441C2B80CD00B6E847 /* Sources */ = {
			isa = PBXSourcesBuildPhase;
			buildActionMask = 2147483647;
			files = (
				9973BA4D1C2B80CD00B6E847 /* MNSideMenuTests.m in Sources */,
			);
			runOnlyForDeploymentPostprocessing = 0;
		};
		9973BA4F1C2B80CD00B6E847 /* Sources */ = {
			isa = PBXSourcesBuildPhase;
			buildActionMask = 2147483647;
			files = (
				9973BA581C2B80CD00B6E847 /* MNSideMenuUITests.m in Sources */,
			);
			runOnlyForDeploymentPostprocessing = 0;
		};
/* End PBXSourcesBuildPhase section */

/* Begin PBXTargetDependency section */
		9973BA4A1C2B80CD00B6E847 /* PBXTargetDependency */ = {
			isa = PBXTargetDependency;
			target = 9973BA2E1C2B80CD00B6E847 /* MNSideMenu */;
			targetProxy = 9973BA491C2B80CD00B6E847 /* PBXContainerItemProxy */;
		};
		9973BA551C2B80CD00B6E847 /* PBXTargetDependency */ = {
			isa = PBXTargetDependency;
			target = 9973BA2E1C2B80CD00B6E847 /* MNSideMenu */;
			targetProxy = 9973BA541C2B80CD00B6E847 /* PBXContainerItemProxy */;
		};
/* End PBXTargetDependency section */

/* Begin PBXVariantGroup section */
		9973BA3B1C2B80CD00B6E847 /* Main.storyboard */ = {
			isa = PBXVariantGroup;
			children = (
				9973BA3C1C2B80CD00B6E847 /* Base */,
			);
			name = Main.storyboard;
			sourceTree = "<group>";
		};
		9973BA401C2B80CD00B6E847 /* LaunchScreen.storyboard */ = {
			isa = PBXVariantGroup;
			children = (
				9973BA411C2B80CD00B6E847 /* Base */,
			);
			name = LaunchScreen.storyboard;
			sourceTree = "<group>";
		};
/* End PBXVariantGroup section */

/* Begin XCBuildConfiguration section */
		9973BA5A1C2B80CD00B6E847 /* Debug */ = {
			isa = XCBuildConfiguration;
			buildSettings = {
				ALWAYS_SEARCH_USER_PATHS = NO;
				CLANG_CXX_LANGUAGE_STANDARD = "gnu++0x";
				CLANG_CXX_LIBRARY = "libc++";
				CLANG_ENABLE_MODULES = YES;
				CLANG_ENABLE_OBJC_ARC = YES;
				CLANG_WARN_BOOL_CONVERSION = YES;
				CLANG_WARN_CONSTANT_CONVERSION = YES;
				CLANG_WARN_DIRECT_OBJC_ISA_USAGE = YES_ERROR;
				CLANG_WARN_EMPTY_BODY = YES;
				CLANG_WARN_ENUM_CONVERSION = YES;
				CLANG_WARN_INT_CONVERSION = YES;
				CLANG_WARN_OBJC_ROOT_CLASS = YES_ERROR;
				CLANG_WARN_UNREACHABLE_CODE = YES;
				CLANG_WARN__DUPLICATE_METHOD_MATCH = YES;
				"CODE_SIGN_IDENTITY[sdk=iphoneos*]" = "iPhone Developer";
				COPY_PHASE_STRIP = NO;
				DEBUG_INFORMATION_FORMAT = dwarf;
				ENABLE_STRICT_OBJC_MSGSEND = YES;
				ENABLE_TESTABILITY = YES;
				GCC_C_LANGUAGE_STANDARD = gnu99;
				GCC_DYNAMIC_NO_PIC = NO;
				GCC_NO_COMMON_BLOCKS = YES;
				GCC_OPTIMIZATION_LEVEL = 0;
				GCC_PREPROCESSOR_DEFINITIONS = (
					"DEBUG=1",
					"$(inherited)",
				);
				GCC_WARN_64_TO_32_BIT_CONVERSION = YES;
				GCC_WARN_ABOUT_RETURN_TYPE = YES_ERROR;
				GCC_WARN_UNDECLARED_SELECTOR = YES;
				GCC_WARN_UNINITIALIZED_AUTOS = YES_AGGRESSIVE;
				GCC_WARN_UNUSED_FUNCTION = YES;
				GCC_WARN_UNUSED_VARIABLE = YES;
				IPHONEOS_DEPLOYMENT_TARGET = 9.2;
				MTL_ENABLE_DEBUG_INFO = YES;
				ONLY_ACTIVE_ARCH = YES;
				SDKROOT = iphoneos;
				TARGETED_DEVICE_FAMILY = "1,2";
			};
			name = Debug;
		};
		9973BA5B1C2B80CD00B6E847 /* Release */ = {
			isa = XCBuildConfiguration;
			buildSettings = {
				ALWAYS_SEARCH_USER_PATHS = NO;
				CLANG_CXX_LANGUAGE_STANDARD = "gnu++0x";
				CLANG_CXX_LIBRARY = "libc++";
				CLANG_ENABLE_MODULES = YES;
				CLANG_ENABLE_OBJC_ARC = YES;
				CLANG_WARN_BOOL_CONVERSION = YES;
				CLANG_WARN_CONSTANT_CONVERSION = YES;
				CLANG_WARN_DIRECT_OBJC_ISA_USAGE = YES_ERROR;
				CLANG_WARN_EMPTY_BODY = YES;
				CLANG_WARN_ENUM_CONVERSION = YES;
				CLANG_WARN_INT_CONVERSION = YES;
				CLANG_WARN_OBJC_ROOT_CLASS = YES_ERROR;
				CLANG_WARN_UNREACHABLE_CODE = YES;
				CLANG_WARN__DUPLICATE_METHOD_MATCH = YES;
				"CODE_SIGN_IDENTITY[sdk=iphoneos*]" = "iPhone Developer";
				COPY_PHASE_STRIP = NO;
				DEBUG_INFORMATION_FORMAT = "dwarf-with-dsym";
				ENABLE_NS_ASSERTIONS = NO;
				ENABLE_STRICT_OBJC_MSGSEND = YES;
				GCC_C_LANGUAGE_STANDARD = gnu99;
				GCC_NO_COMMON_BLOCKS = YES;
				GCC_WARN_64_TO_32_BIT_CONVERSION = YES;
				GCC_WARN_ABOUT_RETURN_TYPE = YES_ERROR;
				GCC_WARN_UNDECLARED_SELECTOR = YES;
				GCC_WARN_UNINITIALIZED_AUTOS = YES_AGGRESSIVE;
				GCC_WARN_UNUSED_FUNCTION = YES;
				GCC_WARN_UNUSED_VARIABLE = YES;
				IPHONEOS_DEPLOYMENT_TARGET = 9.2;
				MTL_ENABLE_DEBUG_INFO = NO;
				SDKROOT = iphoneos;
				TARGETED_DEVICE_FAMILY = "1,2";
				VALIDATE_PRODUCT = YES;
			};
			name = Release;
		};
		9973BA5D1C2B80CD00B6E847 /* Debug */ = {
			isa = XCBuildConfiguration;
			buildSettings = {
				ASSETCATALOG_COMPILER_APPICON_NAME = AppIcon;
				INFOPLIST_FILE = MNSideMenu/Info.plist;
				LD_RUNPATH_SEARCH_PATHS = "$(inherited) @executable_path/Frameworks";
				PRODUCT_BUNDLE_IDENTIFIER = mnn.MNSideMenu;
				PRODUCT_NAME = "$(TARGET_NAME)";
			};
			name = Debug;
		};
		9973BA5E1C2B80CD00B6E847 /* Release */ = {
			isa = XCBuildConfiguration;
			buildSettings = {
				ASSETCATALOG_COMPILER_APPICON_NAME = AppIcon;
				INFOPLIST_FILE = MNSideMenu/Info.plist;
				LD_RUNPATH_SEARCH_PATHS = "$(inherited) @executable_path/Frameworks";
				PRODUCT_BUNDLE_IDENTIFIER = mnn.MNSideMenu;
				PRODUCT_NAME = "$(TARGET_NAME)";
			};
			name = Release;
		};
		9973BA601C2B80CD00B6E847 /* Debug */ = {
			isa = XCBuildConfiguration;
			buildSettings = {
				BUNDLE_LOADER = "$(TEST_HOST)";
				INFOPLIST_FILE = MNSideMenuTests/Info.plist;
				LD_RUNPATH_SEARCH_PATHS = "$(inherited) @executable_path/Frameworks @loader_path/Frameworks";
				PRODUCT_BUNDLE_IDENTIFIER = mnn.MNSideMenuTests;
				PRODUCT_NAME = "$(TARGET_NAME)";
				TEST_HOST = "$(BUILT_PRODUCTS_DIR)/MNSideMenu.app/MNSideMenu";
			};
			name = Debug;
		};
		9973BA611C2B80CD00B6E847 /* Release */ = {
			isa = XCBuildConfiguration;
			buildSettings = {
				BUNDLE_LOADER = "$(TEST_HOST)";
				INFOPLIST_FILE = MNSideMenuTests/Info.plist;
				LD_RUNPATH_SEARCH_PATHS = "$(inherited) @executable_path/Frameworks @loader_path/Frameworks";
				PRODUCT_BUNDLE_IDENTIFIER = mnn.MNSideMenuTests;
				PRODUCT_NAME = "$(TARGET_NAME)";
				TEST_HOST = "$(BUILT_PRODUCTS_DIR)/MNSideMenu.app/MNSideMenu";
			};
			name = Release;
		};
		9973BA631C2B80CD00B6E847 /* Debug */ = {
			isa = XCBuildConfiguration;
			buildSettings = {
				INFOPLIST_FILE = MNSideMenuUITests/Info.plist;
				LD_RUNPATH_SEARCH_PATHS = "$(inherited) @executable_path/Frameworks @loader_path/Frameworks";
				PRODUCT_BUNDLE_IDENTIFIER = mnn.MNSideMenuUITests;
				PRODUCT_NAME = "$(TARGET_NAME)";
				TEST_TARGET_NAME = MNSideMenu;
				USES_XCTRUNNER = YES;
			};
			name = Debug;
		};
		9973BA641C2B80CD00B6E847 /* Release */ = {
			isa = XCBuildConfiguration;
			buildSettings = {
				INFOPLIST_FILE = MNSideMenuUITests/Info.plist;
				LD_RUNPATH_SEARCH_PATHS = "$(inherited) @executable_path/Frameworks @loader_path/Frameworks";
				PRODUCT_BUNDLE_IDENTIFIER = mnn.MNSideMenuUITests;
				PRODUCT_NAME = "$(TARGET_NAME)";
				TEST_TARGET_NAME = MNSideMenu;
				USES_XCTRUNNER = YES;
			};
			name = Release;
		};
/* End XCBuildConfiguration section */

/* Begin XCConfigurationList section */
		9973BA2A1C2B80CD00B6E847 /* Build configuration list for PBXProject "MNSideMenu" */ = {
			isa = XCConfigurationList;
			buildConfigurations = (
				9973BA5A1C2B80CD00B6E847 /* Debug */,
				9973BA5B1C2B80CD00B6E847 /* Release */,
			);
			defaultConfigurationIsVisible = 0;
			defaultConfigurationName = Release;
		};
		9973BA5C1C2B80CD00B6E847 /* Build configuration list for PBXNativeTarget "MNSideMenu" */ = {
			isa = XCConfigurationList;
			buildConfigurations = (
				9973BA5D1C2B80CD00B6E847 /* Debug */,
				9973BA5E1C2B80CD00B6E847 /* Release */,
			);
			defaultConfigurationIsVisible = 0;
		};
		9973BA5F1C2B80CD00B6E847 /* Build configuration list for PBXNativeTarget "MNSideMenuTests" */ = {
			isa = XCConfigurationList;
			buildConfigurations = (
				9973BA601C2B80CD00B6E847 /* Debug */,
				9973BA611C2B80CD00B6E847 /* Release */,
			);
			defaultConfigurationIsVisible = 0;
		};
		9973BA621C2B80CD00B6E847 /* Build configuration list for PBXNativeTarget "MNSideMenuUITests" */ = {
			isa = XCConfigurationList;
			buildConfigurations = (
				9973BA631C2B80CD00B6E847 /* Debug */,
				9973BA641C2B80CD00B6E847 /* Release */,
			);
			defaultConfigurationIsVisible = 0;
		};
/* End XCConfigurationList section */
	};
	rootObject = 9973BA271C2B80CD00B6E847 /* Project object */;
}
